{
  "requires": true,
  "lockfileVersion": 1,
  "dependencies": {
    "loglevel": {
      "version": "1.7.1",
      "resolved": "https://registry.npmjs.org/loglevel/-/loglevel-1.7.1.tgz",
      "integrity": "sha512-Hesni4s5UkWkwCGJMQGAh71PaLUmKFM60dHvq0zi/vDhhrzuk+4GgNbTXJ12YYQJn6ZKBDNIjYcuQGKudvqrIw=="
    },
    "plotly.js-dist-min": {
      "version": "1.58.4",
      "resolved": "https://registry.npmjs.org/plotly.js-dist-min/-/plotly.js-dist-min-1.58.4.tgz",
      "integrity": "sha512-9O3q1Wl5vL1diYwPE1AJQHtSBVqEGwUXCP+i6Xf6jA1iMFYUL4Rld5WCEcZXPtk/8owq6eqjQ78KEdxqRWHnfw=="
    },
    "sigfile": {
      "version": "0.1.9",
      "resolved": "https://registry.npmjs.org/sigfile/-/sigfile-0.1.9.tgz",
      "integrity": "sha512-6HWpg2xYNihT35h06JKyoAAJ/hPJwLb0+NpZdvDwYi+OFQMt3Pa4jJ2u/XSNGBruOoYpn72J80ePV5QjrLY7KA=="
    },
    "sigplot": {
      "version": "2.0.0-rc19",
      "resolved": "https://registry.npmjs.org/sigplot/-/sigplot-2.0.0-rc19.tgz",
      "integrity": "sha512-Zby5YHPaYiVwuXdX07drBQf91pkAuDixKS/0rhp6dir2dn928fWo68fvVft4Udbk55cXizKUrnlhmHe2+hO2nQ==",
      "requires": {
        "loglevel": "^1.4.1",
        "sigfile": "^0.1.9",
        "spin": "0.0.1",
        "tinycolor2": "^1.4.1",
        "travis": "^0.1.1",
        "underscore": "^1.9.2"
      }
    },
    "spin": {
      "version": "0.0.1",
      "resolved": "https://registry.npmjs.org/spin/-/spin-0.0.1.tgz",
      "integrity": "sha1-JGt1ZGnGOx9i+RL5JbfrJJDjjMY="
    },
    "tinycolor2": {
      "version": "1.4.2",
      "resolved": "https://registry.npmjs.org/tinycolor2/-/tinycolor2-1.4.2.tgz",
      "integrity": "sha512-vJhccZPs965sV/L2sU4oRQVAos0pQXwsvTLkWYdqJ+a8Q5kPFzJTuOFwy7UniPli44NKQGAglksjvOcpo95aZA=="
    },
    "travis": {
      "version": "0.1.1",
      "resolved": "https://registry.npmjs.org/travis/-/travis-0.1.1.tgz",
      "integrity": "sha1-gP4cNvbztzn84H5gY4OM5DY1fWA="
    },
    "underscore": {
      "version": "1.12.0",
      "resolved": "https://registry.npmjs.org/underscore/-/underscore-1.12.0.tgz",
      "integrity": "sha512-21rQzss/XPMjolTiIezSu3JAjgagXKROtNrYFEOWK109qY1Uv2tVjPTZ1ci2HgvQDA16gHYSthQIJfB+XId/rQ=="
    }
  }
}
